
Microsoft Visual Studio Solution File, Format Version 12.00
# Visual Studio Version 16
VisualStudioVersion = 16.0.29509.3
MinimumVisualStudioVersion = 10.0.40219.1
Project("{FAE04EC0-301F-11D3-BF4B-00C04F79EFBC}") = "ComicCorner", "ComicCorner.csproj", "{227035B6-F5D4-4888-A5C5-B301D7C9B743}"
EndProject
Global
	GlobalSection(SolutionConfigurationPlatforms) = preSolution
		Debug|Any CPU = Debug|Any CPU
		Release|Any CPU = Release|Any CPU
	EndGlobalSection
	GlobalSection(ProjectConfigurationPlatforms) = postSolution
		{227035B6-F5D4-4888-A5C5-B301D7C9B743}.Debug|Any CPU.ActiveCfg = Debug|Any CPU
		{227035B6-F5D4-4888-A5C5-B301D7C9B743}.Debug|Any CPU.Build.0 = Debug|Any CPU
		{227035B6-F5D4-4888-A5C5-B301D7C9B743}.Release|Any CPU.ActiveCfg = Release|Any CPU
		{227035B6-F5D4-4888-A5C5-B301D7C9B743}.Release|Any CPU.Build.0 = Release|Any CPU
	EndGlobalSection
	GlobalSection(SolutionProperties) = preSolution
		HideSolutionNode = FALSE
	EndGlobalSection
	GlobalSection(ExtensibilityGlobals) = postSolution
		SolutionGuid = {CCDB9C91-A7A3-48F2-B4E9-B69320B3C1AF}
	EndGlobalSection
EndGlobal
